Microsoft Visual Studio Solution File, Format Version 11.00
# Visual Studio 2008

Project("{A67B9A32-FA6A-B92F-668C-8F60689B50C6}") = "S.T.S", "Assembly-UnityScript.unityproj", "{AC6E7B25-388D-2CDD-1497-B8BA36035ABE}"
EndProject
Global
	GlobalSection(SolutionConfigurationPlatforms) = preSolution
		Debug|Any CPU = Debug|Any CPU
		Release|Any CPU = Release|Any CPU
	EndGlobalSection
	GlobalSection(ProjectConfigurationPlatforms) = postSolution
		{AC6E7B25-388D-2CDD-1497-B8BA36035ABE}.Debug|Any CPU.ActiveCfg = Debug|Any CPU
		{AC6E7B25-388D-2CDD-1497-B8BA36035ABE}.Debug|Any CPU.Build.0 = Debug|Any CPU
		{AC6E7B25-388D-2CDD-1497-B8BA36035ABE}.Release|Any CPU.ActiveCfg = Release|Any CPU
		{AC6E7B25-388D-2CDD-1497-B8BA36035ABE}.Release|Any CPU.Build.0 = Release|Any CPU
	EndGlobalSection
	GlobalSection(SolutionProperties) = preSolution
		HideSolutionNode = FALSE
	EndGlobalSection
	GlobalSection(MonoDevelopProperties) = preSolution
		StartupItem = Assembly-CSharp.csproj
	EndGlobalSection
EndGlobal
